Microsoft Visual Studio Solution File, Format Version 11.00
# Visual Studio 2008

Project("{A7079087-7D4D-9109-9C16-426728435227}") = "MRI_last", "Assembly-CSharp-firstpass.csproj", "{0C8CBCE8-3815-1B16-BB0D-F5CA5F817E88}"
EndProject
Project("{A7079087-7D4D-9109-9C16-426728435227}") = "MRI_last", "Assembly-CSharp.csproj", "{9F511E83-44F1-49A7-3E61-71EA93194C50}"
EndProject
Project("{A7079087-7D4D-9109-9C16-426728435227}") = "MRI_last", "Assembly-CSharp-Editor.csproj", "{CE1D01EE-CC4C-74E8-5A93-295721D4E62E}"
EndProject
Project("{A7079087-7D4D-9109-9C16-426728435227}") = "MRI_last", "Assembly-UnityScript-firstpass.unityproj", "{BB547188-6F00-AAEA-E4AA-93A8DF415E6C}"
EndProject
Global
	GlobalSection(SolutionConfigurationPlatforms) = preSolution
		Debug|Any CPU = Debug|Any CPU
		Release|Any CPU = Release|Any CPU
	EndGlobalSection
	GlobalSection(ProjectConfigurationPlatforms) = postSolution
		{0C8CBCE8-3815-1B16-BB0D-F5CA5F817E88}.Debug|Any CPU.ActiveCfg = Debug|Any CPU
		{0C8CBCE8-3815-1B16-BB0D-F5CA5F817E88}.Debug|Any CPU.Build.0 = Debug|Any CPU
		{0C8CBCE8-3815-1B16-BB0D-F5CA5F817E88}.Release|Any CPU.ActiveCfg = Release|Any CPU
		{0C8CBCE8-3815-1B16-BB0D-F5CA5F817E88}.Release|Any CPU.Build.0 = Release|Any CPU
		{9F511E83-44F1-49A7-3E61-71EA93194C50}.Debug|Any CPU.ActiveCfg = Debug|Any CPU
		{9F511E83-44F1-49A7-3E61-71EA93194C50}.Debug|Any CPU.Build.0 = Debug|Any CPU
		{9F511E83-44F1-49A7-3E61-71EA93194C50}.Release|Any CPU.ActiveCfg = Release|Any CPU
		{9F511E83-44F1-49A7-3E61-71EA93194C50}.Release|Any CPU.Build.0 = Release|Any CPU
		{CE1D01EE-CC4C-74E8-5A93-295721D4E62E}.Debug|Any CPU.ActiveCfg = Debug|Any CPU
		{CE1D01EE-CC4C-74E8-5A93-295721D4E62E}.Debug|Any CPU.Build.0 = Debug|Any CPU
		{CE1D01EE-CC4C-74E8-5A93-295721D4E62E}.Release|Any CPU.ActiveCfg = Release|Any CPU
		{CE1D01EE-CC4C-74E8-5A93-295721D4E62E}.Release|Any CPU.Build.0 = Release|Any CPU
		{BB547188-6F00-AAEA-E4AA-93A8DF415E6C}.Debug|Any CPU.ActiveCfg = Debug|Any CPU
		{BB547188-6F00-AAEA-E4AA-93A8DF415E6C}.Debug|Any CPU.Build.0 = Debug|Any CPU
		{BB547188-6F00-AAEA-E4AA-93A8DF415E6C}.Release|Any CPU.ActiveCfg = Release|Any CPU
		{BB547188-6F00-AAEA-E4AA-93A8DF415E6C}.Release|Any CPU.Build.0 = Release|Any CPU
	EndGlobalSection
	GlobalSection(SolutionProperties) = preSolution
		HideSolutionNode = FALSE
	EndGlobalSection
																																																																																																												GlobalSection(MonoDevelopProperties) = preSolution
		StartupItem = Assembly-CSharp.csproj
		Policies = $0
		$0.TextStylePolicy = $1
		$1.inheritsSet = null
		$1.scope = text/x-csharp
		$0.CSharpFormattingPolicy = $2
		$2.inheritsSet = Mono
		$2.inheritsScope = text/x-csharp
		$2.scope = text/x-csharp
		$0.TextStylePolicy = $3
		$3.FileWidth = 120
		$3.TabWidth = 4
		$3.IndentWidth = 4
		$3.EolMarker = Unix
		$3.inheritsSet = Mono
		$3.inheritsScope = text/plain
		$3.scope = text/plain
	EndGlobalSection

EndGlobal
